
Microsoft Visual Studio Solution File, Format Version 12.00
# Visual Studio Version 17
VisualStudioVersion = 17.4.33205.214
MinimumVisualStudioVersion = 10.0.40219.1
Project("{2150E333-8FDC-42A3-9474-1A3956D46DE8}") = "PaymentService", "PaymentService", "{8D67240D-ECEF-440A-B2B5-894C61ECDA47}"
EndProject
Project("{2150E333-8FDC-42A3-9474-1A3956D46DE8}") = "BookingService", "BookingService", "{6E45CFDA-FDAC-4175-8908-99E4A455B034}"
EndProject
Project("{2150E333-8FDC-42A3-9474-1A3956D46DE8}") = "Core", "Core", "{66C49966-85A2-4933-82DB-E32B341EDDAA}"
EndProject
Project("{2150E333-8FDC-42A3-9474-1A3956D46DE8}") = "Domain", "Domain", "{E414D1A2-5465-4FBA-A432-A72A486A629F}"
EndProject
Project("{2150E333-8FDC-42A3-9474-1A3956D46DE8}") = "Application", "Application", "{F37452A3-16B8-4DCF-A507-55C6CA7B2040}"
EndProject
Project("{2150E333-8FDC-42A3-9474-1A3956D46DE8}") = "Adpters", "Adpters", "{27FA406C-8A7A-4609-99B5-403978756EE7}"
EndProject
Project("{2150E333-8FDC-42A3-9474-1A3956D46DE8}") = "Consumers", "Consumers", "{5E47EEF6-1196-467E-9D43-FDB329726F6E}"
EndProject
Project("{2150E333-8FDC-42A3-9474-1A3956D46DE8}") = "Tests", "Tests", "{70A68D77-4F5E-4D04-8E9F-773751B6DAEF}"
EndProject
Project("{2150E333-8FDC-42A3-9474-1A3956D46DE8}") = "Application", "Application", "{61678411-8959-4B3C-9457-90C2F38A80FF}"
EndProject
Project("{2150E333-8FDC-42A3-9474-1A3956D46DE8}") = "Domain", "Domain", "{E30B026E-C893-4CC4-8170-1553E28B7C64}"
EndProject
Project("{2150E333-8FDC-42A3-9474-1A3956D46DE8}") = "Adpaters", "Adpaters", "{6C405D7E-99F0-4FE0-B2D2-685C18370891}"
EndProject
Project("{9A19103F-16F7-4668-BE54-9A1E7A4F7556}") = "DomainTests", "BookingService\Tests\DomainTests\DomainTests.csproj", "{A0D1A51C-C2F4-4A95-A47D-1430B2454514}"
EndProject
Project("{9A19103F-16F7-4668-BE54-9A1E7A4F7556}") = "ApplicationTests", "BookingService\Tests\ApplicationTests\ApplicationTests.csproj", "{4E591321-34A8-4A84-9137-273DEC6F2666}"
EndProject
Project("{9A19103F-16F7-4668-BE54-9A1E7A4F7556}") = "AdpatersTests", "BookingService\Tests\AdpatersTests\AdpatersTests.csproj", "{0A9C08EE-883E-406B-A0FF-49D33FFEDEE1}"
EndProject
Project("{2150E333-8FDC-42A3-9474-1A3956D46DE8}") = "Data", "Data", "{11F17C91-6533-4BF6-84DC-06637B8DAB62}"
EndProject
Project("{9A19103F-16F7-4668-BE54-9A1E7A4F7556}") = "Data", "BookingService\Adapters\Data\Data.csproj", "{BD78D553-53D5-47BA-A6C7-477BF15DD147}"
EndProject
Project("{9A19103F-16F7-4668-BE54-9A1E7A4F7556}") = "API", "BookingService\Consumers\API\API.csproj", "{A4BE505F-0371-4663-BAFF-7DD85EA83B42}"
EndProject
Project("{9A19103F-16F7-4668-BE54-9A1E7A4F7556}") = "Application", "BookingService\Core\Application\Application.csproj", "{62D5CEC4-3110-498A-9D7B-6DCA85DE1E36}"
EndProject
Project("{9A19103F-16F7-4668-BE54-9A1E7A4F7556}") = "Domain", "BookingService\Core\Domain\Domain.csproj", "{D4E3FEF2-C1C1-4B4D-95C2-98ACC0522B2F}"
EndProject
Project("{2150E333-8FDC-42A3-9474-1A3956D46DE8}") = "Domain", "Domain", "{EA2605EE-C055-42B9-91FF-EF7B07CCDBC4}"
EndProject
Project("{2150E333-8FDC-42A3-9474-1A3956D46DE8}") = "Application", "Application", "{895FC629-4C94-4EF1-9B3B-C49ABC65B2A3}"
EndProject
Project("{FAE04EC0-301F-11D3-BF4B-00C04F79EFBC}") = "Payment.Application", "PaymentService\Core\Application\Payment.Application.csproj", "{1BD0E0B2-18FF-485A-B01D-F90D08061AA6}"
EndProject
Project("{FAE04EC0-301F-11D3-BF4B-00C04F79EFBC}") = "Domain", "PaymentService\Core\Domain\Domain.csproj", "{7C69946B-C599-468D-8CBD-C2C539403530}"
EndProject
Global
	GlobalSection(SolutionConfigurationPlatforms) = preSolution
		Debug|Any CPU = Debug|Any CPU
		Release|Any CPU = Release|Any CPU
	EndGlobalSection
	GlobalSection(ProjectConfigurationPlatforms) = postSolution
		{A0D1A51C-C2F4-4A95-A47D-1430B2454514}.Debug|Any CPU.ActiveCfg = Debug|Any CPU
		{A0D1A51C-C2F4-4A95-A47D-1430B2454514}.Debug|Any CPU.Build.0 = Debug|Any CPU
		{A0D1A51C-C2F4-4A95-A47D-1430B2454514}.Release|Any CPU.ActiveCfg = Release|Any CPU
		{A0D1A51C-C2F4-4A95-A47D-1430B2454514}.Release|Any CPU.Build.0 = Release|Any CPU
		{4E591321-34A8-4A84-9137-273DEC6F2666}.Debug|Any CPU.ActiveCfg = Debug|Any CPU
		{4E591321-34A8-4A84-9137-273DEC6F2666}.Debug|Any CPU.Build.0 = Debug|Any CPU
		{4E591321-34A8-4A84-9137-273DEC6F2666}.Release|Any CPU.ActiveCfg = Release|Any CPU
		{4E591321-34A8-4A84-9137-273DEC6F2666}.Release|Any CPU.Build.0 = Release|Any CPU
		{0A9C08EE-883E-406B-A0FF-49D33FFEDEE1}.Debug|Any CPU.ActiveCfg = Debug|Any CPU
		{0A9C08EE-883E-406B-A0FF-49D33FFEDEE1}.Debug|Any CPU.Build.0 = Debug|Any CPU
		{0A9C08EE-883E-406B-A0FF-49D33FFEDEE1}.Release|Any CPU.ActiveCfg = Release|Any CPU
		{0A9C08EE-883E-406B-A0FF-49D33FFEDEE1}.Release|Any CPU.Build.0 = Release|Any CPU
		{BD78D553-53D5-47BA-A6C7-477BF15DD147}.Debug|Any CPU.ActiveCfg = Debug|Any CPU
		{BD78D553-53D5-47BA-A6C7-477BF15DD147}.Debug|Any CPU.Build.0 = Debug|Any CPU
		{BD78D553-53D5-47BA-A6C7-477BF15DD147}.Release|Any CPU.ActiveCfg = Release|Any CPU
		{BD78D553-53D5-47BA-A6C7-477BF15DD147}.Release|Any CPU.Build.0 = Release|Any CPU
		{A4BE505F-0371-4663-BAFF-7DD85EA83B42}.Debug|Any CPU.ActiveCfg = Debug|Any CPU
		{A4BE505F-0371-4663-BAFF-7DD85EA83B42}.Debug|Any CPU.Build.0 = Debug|Any CPU
		{A4BE505F-0371-4663-BAFF-7DD85EA83B42}.Release|Any CPU.ActiveCfg = Release|Any CPU
		{A4BE505F-0371-4663-BAFF-7DD85EA83B42}.Release|Any CPU.Build.0 = Release|Any CPU
		{62D5CEC4-3110-498A-9D7B-6DCA85DE1E36}.Debug|Any CPU.ActiveCfg = Debug|Any CPU
		{62D5CEC4-3110-498A-9D7B-6DCA85DE1E36}.Debug|Any CPU.Build.0 = Debug|Any CPU
		{62D5CEC4-3110-498A-9D7B-6DCA85DE1E36}.Release|Any CPU.ActiveCfg = Release|Any CPU
		{62D5CEC4-3110-498A-9D7B-6DCA85DE1E36}.Release|Any CPU.Build.0 = Release|Any CPU
		{D4E3FEF2-C1C1-4B4D-95C2-98ACC0522B2F}.Debug|Any CPU.ActiveCfg = Debug|Any CPU
		{D4E3FEF2-C1C1-4B4D-95C2-98ACC0522B2F}.Debug|Any CPU.Build.0 = Debug|Any CPU
		{D4E3FEF2-C1C1-4B4D-95C2-98ACC0522B2F}.Release|Any CPU.ActiveCfg = Release|Any CPU
		{D4E3FEF2-C1C1-4B4D-95C2-98ACC0522B2F}.Release|Any CPU.Build.0 = Release|Any CPU
		{1BD0E0B2-18FF-485A-B01D-F90D08061AA6}.Debug|Any CPU.ActiveCfg = Debug|Any CPU
		{1BD0E0B2-18FF-485A-B01D-F90D08061AA6}.Debug|Any CPU.Build.0 = Debug|Any CPU
		{1BD0E0B2-18FF-485A-B01D-F90D08061AA6}.Release|Any CPU.ActiveCfg = Release|Any CPU
		{1BD0E0B2-18FF-485A-B01D-F90D08061AA6}.Release|Any CPU.Build.0 = Release|Any CPU
		{7C69946B-C599-468D-8CBD-C2C539403530}.Debug|Any CPU.ActiveCfg = Debug|Any CPU
		{7C69946B-C599-468D-8CBD-C2C539403530}.Debug|Any CPU.Build.0 = Debug|Any CPU
		{7C69946B-C599-468D-8CBD-C2C539403530}.Release|Any CPU.ActiveCfg = Release|Any CPU
		{7C69946B-C599-468D-8CBD-C2C539403530}.Release|Any CPU.Build.0 = Release|Any CPU
	EndGlobalSection
	GlobalSection(SolutionProperties) = preSolution
		HideSolutionNode = FALSE
	EndGlobalSection
	GlobalSection(NestedProjects) = preSolution
		{66C49966-85A2-4933-82DB-E32B341EDDAA} = {6E45CFDA-FDAC-4175-8908-99E4A455B034}
		{E414D1A2-5465-4FBA-A432-A72A486A629F} = {66C49966-85A2-4933-82DB-E32B341EDDAA}
		{F37452A3-16B8-4DCF-A507-55C6CA7B2040} = {66C49966-85A2-4933-82DB-E32B341EDDAA}
		{27FA406C-8A7A-4609-99B5-403978756EE7} = {6E45CFDA-FDAC-4175-8908-99E4A455B034}
		{5E47EEF6-1196-467E-9D43-FDB329726F6E} = {6E45CFDA-FDAC-4175-8908-99E4A455B034}
		{70A68D77-4F5E-4D04-8E9F-773751B6DAEF} = {6E45CFDA-FDAC-4175-8908-99E4A455B034}
		{61678411-8959-4B3C-9457-90C2F38A80FF} = {70A68D77-4F5E-4D04-8E9F-773751B6DAEF}
		{E30B026E-C893-4CC4-8170-1553E28B7C64} = {70A68D77-4F5E-4D04-8E9F-773751B6DAEF}
		{6C405D7E-99F0-4FE0-B2D2-685C18370891} = {70A68D77-4F5E-4D04-8E9F-773751B6DAEF}
		{A0D1A51C-C2F4-4A95-A47D-1430B2454514} = {E30B026E-C893-4CC4-8170-1553E28B7C64}
		{4E591321-34A8-4A84-9137-273DEC6F2666} = {61678411-8959-4B3C-9457-90C2F38A80FF}
		{0A9C08EE-883E-406B-A0FF-49D33FFEDEE1} = {6C405D7E-99F0-4FE0-B2D2-685C18370891}
		{11F17C91-6533-4BF6-84DC-06637B8DAB62} = {27FA406C-8A7A-4609-99B5-403978756EE7}
		{BD78D553-53D5-47BA-A6C7-477BF15DD147} = {11F17C91-6533-4BF6-84DC-06637B8DAB62}
		{A4BE505F-0371-4663-BAFF-7DD85EA83B42} = {5E47EEF6-1196-467E-9D43-FDB329726F6E}
		{62D5CEC4-3110-498A-9D7B-6DCA85DE1E36} = {F37452A3-16B8-4DCF-A507-55C6CA7B2040}
		{D4E3FEF2-C1C1-4B4D-95C2-98ACC0522B2F} = {E414D1A2-5465-4FBA-A432-A72A486A629F}
		{EA2605EE-C055-42B9-91FF-EF7B07CCDBC4} = {8D67240D-ECEF-440A-B2B5-894C61ECDA47}
		{895FC629-4C94-4EF1-9B3B-C49ABC65B2A3} = {8D67240D-ECEF-440A-B2B5-894C61ECDA47}
		{1BD0E0B2-18FF-485A-B01D-F90D08061AA6} = {895FC629-4C94-4EF1-9B3B-C49ABC65B2A3}
		{7C69946B-C599-468D-8CBD-C2C539403530} = {EA2605EE-C055-42B9-91FF-EF7B07CCDBC4}
	EndGlobalSection
	GlobalSection(ExtensibilityGlobals) = postSolution
		SolutionGuid = {7DC414E0-AD96-46A0-9970-5C3E74446F7D}
	EndGlobalSection
EndGlobal
